
Microsoft Visual Studio Solution File, Format Version 12.00
# Visual Studio 14
VisualStudioVersion = 14.0.23107.0
MinimumVisualStudioVersion = 10.0.40219.1
Project("{FAE04EC0-301F-11D3-BF4B-00C04F79EFBC}") = "WebsocketServer", "ConsoleApplication1\WebsocketServer.csproj", "{83F631B2-9475-47CD-930E-451F21593266}"
EndProject
Project("{2150E333-8FDC-42A3-9474-1A3956D46DE8}") = "Solution Items", "Solution Items", "{3BA82C88-6E2F-4BA4-BEAD-536C2A7DFFF5}"
	ProjectSection(SolutionItems) = preProject
		Client.html = Client.html
	EndProjectSection
EndProject
Global
	GlobalSection(SolutionConfigurationPlatforms) = preSolution
		Debug|Any CPU = Debug|Any CPU
		Release|Any CPU = Release|Any CPU
	EndGlobalSection
	GlobalSection(ProjectConfigurationPlatforms) = postSolution
		{83F631B2-9475-47CD-930E-451F21593266}.Debug|Any CPU.ActiveCfg = Debug|Any CPU
		{83F631B2-9475-47CD-930E-451F21593266}.Debug|Any CPU.Build.0 = Debug|Any CPU
		{83F631B2-9475-47CD-930E-451F21593266}.Release|Any CPU.ActiveCfg = Release|Any CPU
		{83F631B2-9475-47CD-930E-451F21593266}.Release|Any CPU.Build.0 = Release|Any CPU
	EndGlobalSection
	GlobalSection(SolutionProperties) = preSolution
		HideSolutionNode = FALSE
	EndGlobalSection
EndGlobal
